
Microsoft Visual Studio Solution File, Format Version 12.00
Project("{2150E333-8FDC-42A3-9474-1A3956D46DE8}") = "src", "src", "{AD2BC89D-FAB1-4BFD-B286-A92997046D05}"
EndProject
Project("{FAE04EC0-301F-11D3-BF4B-00C04F79EFBC}") = "SequoiaRoot.Domain", "SequoiaRoot.Domain\SequoiaRoot.Domain.csproj", "{A4C5A47E-9A26-44A2-8ACC-8FED7A45F48C}"
EndProject
Project("{FAE04EC0-301F-11D3-BF4B-00C04F79EFBC}") = "SequoiaRoot.Repository", "SequoiaRoot.Repository\SequoiaRoot.Repository.csproj", "{8909501F-7142-4819-95F5-E7406E179B05}"
EndProject
Project("{FAE04EC0-301F-11D3-BF4B-00C04F79EFBC}") = "SequoiaRoot.Service", "SequoiaRoot.Service\SequoiaRoot.Service.csproj", "{4A4E26C2-5504-415D-BA3A-86C187E80528}"
EndProject
Project("{FAE04EC0-301F-11D3-BF4B-00C04F79EFBC}") = "SequoiaRoot.WebApi", "SequoiaRoot.WebApi\SequoiaRoot.WebApi.csproj", "{8B8B568B-FD9F-4FC7-B6F3-7044E3876CBF}"
EndProject
Project("{FAE04EC0-301F-11D3-BF4B-00C04F79EFBC}") = "SequoiaRoot.ViewModel", "SequoiaRoot.ViewModel\SequoiaRoot.ViewModel.csproj", "{FA2A7F12-936D-42FD-AD3E-19838CB1071F}"
EndProject
Global
	GlobalSection(SolutionConfigurationPlatforms) = preSolution
		Debug|Any CPU = Debug|Any CPU
		Release|Any CPU = Release|Any CPU
	EndGlobalSection
	GlobalSection(ProjectConfigurationPlatforms) = postSolution
		{A4C5A47E-9A26-44A2-8ACC-8FED7A45F48C}.Debug|Any CPU.ActiveCfg = Debug|Any CPU
		{A4C5A47E-9A26-44A2-8ACC-8FED7A45F48C}.Debug|Any CPU.Build.0 = Debug|Any CPU
		{A4C5A47E-9A26-44A2-8ACC-8FED7A45F48C}.Release|Any CPU.ActiveCfg = Release|Any CPU
		{A4C5A47E-9A26-44A2-8ACC-8FED7A45F48C}.Release|Any CPU.Build.0 = Release|Any CPU
		{8909501F-7142-4819-95F5-E7406E179B05}.Debug|Any CPU.ActiveCfg = Debug|Any CPU
		{8909501F-7142-4819-95F5-E7406E179B05}.Debug|Any CPU.Build.0 = Debug|Any CPU
		{8909501F-7142-4819-95F5-E7406E179B05}.Release|Any CPU.ActiveCfg = Release|Any CPU
		{8909501F-7142-4819-95F5-E7406E179B05}.Release|Any CPU.Build.0 = Release|Any CPU
		{4A4E26C2-5504-415D-BA3A-86C187E80528}.Debug|Any CPU.ActiveCfg = Debug|Any CPU
		{4A4E26C2-5504-415D-BA3A-86C187E80528}.Debug|Any CPU.Build.0 = Debug|Any CPU
		{4A4E26C2-5504-415D-BA3A-86C187E80528}.Release|Any CPU.ActiveCfg = Release|Any CPU
		{4A4E26C2-5504-415D-BA3A-86C187E80528}.Release|Any CPU.Build.0 = Release|Any CPU
		{8B8B568B-FD9F-4FC7-B6F3-7044E3876CBF}.Debug|Any CPU.ActiveCfg = Debug|Any CPU
		{8B8B568B-FD9F-4FC7-B6F3-7044E3876CBF}.Debug|Any CPU.Build.0 = Debug|Any CPU
		{8B8B568B-FD9F-4FC7-B6F3-7044E3876CBF}.Release|Any CPU.ActiveCfg = Release|Any CPU
		{8B8B568B-FD9F-4FC7-B6F3-7044E3876CBF}.Release|Any CPU.Build.0 = Release|Any CPU
		{FA2A7F12-936D-42FD-AD3E-19838CB1071F}.Debug|Any CPU.ActiveCfg = Debug|Any CPU
		{FA2A7F12-936D-42FD-AD3E-19838CB1071F}.Debug|Any CPU.Build.0 = Debug|Any CPU
		{FA2A7F12-936D-42FD-AD3E-19838CB1071F}.Release|Any CPU.ActiveCfg = Release|Any CPU
		{FA2A7F12-936D-42FD-AD3E-19838CB1071F}.Release|Any CPU.Build.0 = Release|Any CPU
	EndGlobalSection
	GlobalSection(NestedProjects) = preSolution
		{A4C5A47E-9A26-44A2-8ACC-8FED7A45F48C} = {AD2BC89D-FAB1-4BFD-B286-A92997046D05}
		{8909501F-7142-4819-95F5-E7406E179B05} = {AD2BC89D-FAB1-4BFD-B286-A92997046D05}
		{4A4E26C2-5504-415D-BA3A-86C187E80528} = {AD2BC89D-FAB1-4BFD-B286-A92997046D05}
		{8B8B568B-FD9F-4FC7-B6F3-7044E3876CBF} = {AD2BC89D-FAB1-4BFD-B286-A92997046D05}
		{FA2A7F12-936D-42FD-AD3E-19838CB1071F} = {AD2BC89D-FAB1-4BFD-B286-A92997046D05}
	EndGlobalSection
EndGlobal
