
Microsoft Visual Studio Solution File, Format Version 12.00
Project("{2150E333-8FDC-42A3-9474-1A3956D46DE8}") = "src", "src", "{AD2BC89D-FAB1-4BFD-B286-A92997046D05}"
EndProject
Project("{FAE04EC0-301F-11D3-BF4B-00C04F79EFBC}") = "domain", "domain\domain.csproj", "{9883880A-43FE-4C49-9377-0A5AFB12744F}"
EndProject
Project("{FAE04EC0-301F-11D3-BF4B-00C04F79EFBC}") = "viewmodel", "viewmodel\viewmodel.csproj", "{A805D4F0-8E9E-4607-B0ED-8CDB24ECA113}"
EndProject
Project("{FAE04EC0-301F-11D3-BF4B-00C04F79EFBC}") = "services", "services\services.csproj", "{22C38F9C-AF75-47BA-8932-F99536E7E1E2}"
EndProject
Project("{FAE04EC0-301F-11D3-BF4B-00C04F79EFBC}") = "repository", "repository\repository.csproj", "{04A43531-778F-4215-A233-1D8BB3D961FB}"
EndProject
Project("{FAE04EC0-301F-11D3-BF4B-00C04F79EFBC}") = "presentation", "presentation\presentation.csproj", "{2DF3F42A-4630-424D-917D-BAF3ABD37107}"
EndProject
Global
	GlobalSection(SolutionConfigurationPlatforms) = preSolution
		Debug|Any CPU = Debug|Any CPU
		Release|Any CPU = Release|Any CPU
	EndGlobalSection
	GlobalSection(ProjectConfigurationPlatforms) = postSolution
		{9883880A-43FE-4C49-9377-0A5AFB12744F}.Debug|Any CPU.ActiveCfg = Debug|Any CPU
		{9883880A-43FE-4C49-9377-0A5AFB12744F}.Debug|Any CPU.Build.0 = Debug|Any CPU
		{9883880A-43FE-4C49-9377-0A5AFB12744F}.Release|Any CPU.ActiveCfg = Release|Any CPU
		{9883880A-43FE-4C49-9377-0A5AFB12744F}.Release|Any CPU.Build.0 = Release|Any CPU
		{A805D4F0-8E9E-4607-B0ED-8CDB24ECA113}.Debug|Any CPU.ActiveCfg = Debug|Any CPU
		{A805D4F0-8E9E-4607-B0ED-8CDB24ECA113}.Debug|Any CPU.Build.0 = Debug|Any CPU
		{A805D4F0-8E9E-4607-B0ED-8CDB24ECA113}.Release|Any CPU.ActiveCfg = Release|Any CPU
		{A805D4F0-8E9E-4607-B0ED-8CDB24ECA113}.Release|Any CPU.Build.0 = Release|Any CPU
		{22C38F9C-AF75-47BA-8932-F99536E7E1E2}.Debug|Any CPU.ActiveCfg = Debug|Any CPU
		{22C38F9C-AF75-47BA-8932-F99536E7E1E2}.Debug|Any CPU.Build.0 = Debug|Any CPU
		{22C38F9C-AF75-47BA-8932-F99536E7E1E2}.Release|Any CPU.ActiveCfg = Release|Any CPU
		{22C38F9C-AF75-47BA-8932-F99536E7E1E2}.Release|Any CPU.Build.0 = Release|Any CPU
		{04A43531-778F-4215-A233-1D8BB3D961FB}.Debug|Any CPU.ActiveCfg = Debug|Any CPU
		{04A43531-778F-4215-A233-1D8BB3D961FB}.Debug|Any CPU.Build.0 = Debug|Any CPU
		{04A43531-778F-4215-A233-1D8BB3D961FB}.Release|Any CPU.ActiveCfg = Release|Any CPU
		{04A43531-778F-4215-A233-1D8BB3D961FB}.Release|Any CPU.Build.0 = Release|Any CPU
		{2DF3F42A-4630-424D-917D-BAF3ABD37107}.Debug|Any CPU.ActiveCfg = Debug|Any CPU
		{2DF3F42A-4630-424D-917D-BAF3ABD37107}.Debug|Any CPU.Build.0 = Debug|Any CPU
		{2DF3F42A-4630-424D-917D-BAF3ABD37107}.Release|Any CPU.ActiveCfg = Release|Any CPU
		{2DF3F42A-4630-424D-917D-BAF3ABD37107}.Release|Any CPU.Build.0 = Release|Any CPU
	EndGlobalSection
	GlobalSection(NestedProjects) = preSolution
		{9883880A-43FE-4C49-9377-0A5AFB12744F} = {AD2BC89D-FAB1-4BFD-B286-A92997046D05}
		{A805D4F0-8E9E-4607-B0ED-8CDB24ECA113} = {AD2BC89D-FAB1-4BFD-B286-A92997046D05}
		{22C38F9C-AF75-47BA-8932-F99536E7E1E2} = {AD2BC89D-FAB1-4BFD-B286-A92997046D05}
		{04A43531-778F-4215-A233-1D8BB3D961FB} = {AD2BC89D-FAB1-4BFD-B286-A92997046D05}
		{2DF3F42A-4630-424D-917D-BAF3ABD37107} = {AD2BC89D-FAB1-4BFD-B286-A92997046D05}
	EndGlobalSection
EndGlobal
